PODS:
  - GoogleWebRTC (1.1.23094)
  - Nimble (7.0.3)
  - Quick (1.2.0)
  - RxCocoa (4.1.2):
    - RxSwift (~> 4.0)
  - RxSwift (4.1.2)
  - RxWebRTC (0.1.0):
    - GoogleWebRTC (~> 1.1.23094)
    - RxCocoa (~> 4)
    - RxSwift (~> 4)

DEPENDENCIES:
  - GoogleWebRTC (= 1.1.23094)
  - Nimble (~> 7.0.2)
  - Quick (~> 1.2.0)
  - RxCocoa (= 4.1.2)
  - RxSwift (= 4.1.2)
  - RxWebRTC (from `../`)

SPEC REPOS:
  https://github.com/CocoaPods/Specs.git:
    - GoogleWebRTC
    - Nimble
    - Quick
    - RxCocoa
    - RxSwift

EXTERNAL SOURCES:
  RxWebRTC:
    :path: "../"

SPEC CHECKSUMS:
  GoogleWebRTC: 4a79d5e5b2e2b3518e8f03c862b128756ceda785
  Nimble: 7f5a9c447a33002645a071bddafbfb24ea70e0ac
  Quick: 58d203b1c5e27fff7229c4c1ae445ad7069a7a08
  RxCocoa: d88ba0f1f6abf040011a9eb4b539324fc426843a
  RxSwift: e49536837d9901277638493ea537394d4b55f570
  RxWebRTC: 9c2a766c9980ab0cf7d6fde75e055c05be23a6d9

PODFILE CHECKSUM: bef20119e9fa4377c445b4b838fc2bf46f8767ec

COCOAPODS: 1.5.0
